
Microsoft Visual Studio Solution File, Format Version 12.00
Project("{FAE04EC0-301F-11D3-BF4B-00C04F79EFBC}") = "Задание. Выборка с классами", "Задание. Выборка с классами\Задание. Выборка с классами.csproj", "{1615504B-FD6E-4FB2-87F4-8D75FCC876CF}"
EndProject
Global
	GlobalSection(SolutionConfigurationPlatforms) = preSolution
		Debug|Any CPU = Debug|Any CPU
		Release|Any CPU = Release|Any CPU
	EndGlobalSection
	GlobalSection(ProjectConfigurationPlatforms) = postSolution
		{1615504B-FD6E-4FB2-87F4-8D75FCC876CF}.Debug|Any CPU.ActiveCfg = Debug|Any CPU
		{1615504B-FD6E-4FB2-87F4-8D75FCC876CF}.Debug|Any CPU.Build.0 = Debug|Any CPU
		{1615504B-FD6E-4FB2-87F4-8D75FCC876CF}.Release|Any CPU.ActiveCfg = Release|Any CPU
		{1615504B-FD6E-4FB2-87F4-8D75FCC876CF}.Release|Any CPU.Build.0 = Release|Any CPU
	EndGlobalSection
EndGlobal
