
Microsoft Visual Studio Solution File, Format Version 12.00
Project("{FAE04EC0-301F-11D3-BF4B-00C04F79EFBC}") = "Консольный проект", "Консольный проект\Консольный проект.csproj", "{298547C2-4C3A-440C-8435-48222150B84A}"
EndProject
Global
	GlobalSection(SolutionConfigurationPlatforms) = preSolution
		Debug|Any CPU = Debug|Any CPU
		Release|Any CPU = Release|Any CPU
	EndGlobalSection
	GlobalSection(ProjectConfigurationPlatforms) = postSolution
		{298547C2-4C3A-440C-8435-48222150B84A}.Debug|Any CPU.ActiveCfg = Debug|Any CPU
		{298547C2-4C3A-440C-8435-48222150B84A}.Debug|Any CPU.Build.0 = Debug|Any CPU
		{298547C2-4C3A-440C-8435-48222150B84A}.Release|Any CPU.ActiveCfg = Release|Any CPU
		{298547C2-4C3A-440C-8435-48222150B84A}.Release|Any CPU.Build.0 = Release|Any CPU
	EndGlobalSection
	GlobalSection(NestedProjects) = preSolution
	EndGlobalSection
EndGlobal
